
Microsoft Visual Studio Solution File, Format Version 12.00
# Visual Studio Version 17
VisualStudioVersion = 17.11.35208.52
MinimumVisualStudioVersion = 10.0.40219.1
Project("{FAE04EC0-301F-11D3-BF4B-00C04F79EFBC}") = "ChapeauPOS", "ChapeauPOS.csproj", "{CFAC0BED-D5DC-449D-8F5F-F519FF9BF1E0}"
EndProject
Global
	GlobalSection(SolutionConfigurationPlatforms) = preSolution
		Debug|Any CPU = Debug|Any CPU
		Release|Any CPU = Release|Any CPU
	EndGlobalSection
	GlobalSection(ProjectConfigurationPlatforms) = postSolution
		{CFAC0BED-D5DC-449D-8F5F-F519FF9BF1E0}.Debug|Any CPU.ActiveCfg = Debug|Any CPU
		{CFAC0BED-D5DC-449D-8F5F-F519FF9BF1E0}.Debug|Any CPU.Build.0 = Debug|Any CPU
		{CFAC0BED-D5DC-449D-8F5F-F519FF9BF1E0}.Release|Any CPU.ActiveCfg = Release|Any CPU
		{CFAC0BED-D5DC-449D-8F5F-F519FF9BF1E0}.Release|Any CPU.Build.0 = Release|Any CPU
	EndGlobalSection
	GlobalSection(SolutionProperties) = preSolution
		HideSolutionNode = FALSE
	EndGlobalSection
	GlobalSection(ExtensibilityGlobals) = postSolution
		SolutionGuid = {BE7BC521-035E-4DC3-AC3A-641C15C94EA8}
	EndGlobalSection
EndGlobal
